// !$*UTF8*$!
{
	archiveVersion = 1;
	classes = {
	};
	objectVersion = 60;
	objects = {

/* Begin PBXBuildFile section */
		1B5F3A762C2758980067C09C /* TypingIndicatorView.swift in Sources */ = {isa = PBXBuildFile; fileRef = 1B5F3A752C2758890067C09C /* TypingIndicatorView.swift */; };
		1B5F3A782C28F61B0067C09C /* ChatBubbleShape.swift in Sources */ = {isa = PBXBuildFile; fileRef = 1B5F3A772C28F60C0067C09C /* ChatBubbleShape.swift */; };
		1B5F3A7E2C2CD4B50067C09C /* Models.swift in Sources */ = {isa = PBXBuildFile; fileRef = 1B5F3A7D2C2CD4B30067C09C /* Models.swift */; };
		1B5F3A802C2CD4D70067C09C /* AnthropicService.swift in Sources */ = {isa = PBXBuildFile; fileRef = 1B5F3A7F2C2CD4D00067C09C /* AnthropicService.swift */; };
		1B5F3A822C2CD4F60067C09C /* ChatViewModel.swift in Sources */ = {isa = PBXBuildFile; fileRef = 1B5F3A812C2CD4F20067C09C /* ChatViewModel.swift */; };
		1B5F3A842C2CD5110067C09C /* ChatView.swift in Sources */ = {isa = PBXBuildFile; fileRef = 1B5F3A832C2CD50B0067C09C /* ChatView.swift */; };
		1B5F3A8D2C2F76260067C09C /* Env.swift in Sources */ = {isa = PBXBuildFile; fileRef = 1B5F3A8C2C2F76260067C09C /* Env.swift */; };
		1B9BD2F82C250E970004500D /* Hank_iOSApp.swift in Sources */ = {isa = PBXBuildFile; fileRef = 1B9BD2F72C250E970004500D /* Hank_iOSApp.swift */; };
		1B9BD2FC2C250E990004500D /* Assets.xcassets in Resources */ = {isa = PBXBuildFile; fileRef = 1B9BD2FB2C250E990004500D /* Assets.xcassets */; };
		1B9BD2FF2C250E990004500D /* Preview Assets.xcassets in Resources */ = {isa = PBXBuildFile; fileRef = 1B9BD2FE2C250E990004500D /* Preview Assets.xcassets */; };
/* End PBXBuildFile section */

/* Begin PBXFileReference section */
		1B5F3A752C2758890067C09C /* TypingIndicatorView.swift */ = {isa = PBXFileReference; lastKnownFileType = sourcecode.swift; path = TypingIndicatorView.swift; sourceTree = "<group>"; };
		1B5F3A772C28F60C0067C09C /* ChatBubbleShape.swift */ = {isa = PBXFileReference; lastKnownFileType = sourcecode.swift; path = ChatBubbleShape.swift; sourceTree = "<group>"; };
		1B5F3A7D2C2CD4B30067C09C /* Models.swift */ = {isa = PBXFileReference; lastKnownFileType = sourcecode.swift; path = Models.swift; sourceTree = "<group>"; };
		1B5F3A7F2C2CD4D00067C09C /* AnthropicService.swift */ = {isa = PBXFileReference; lastKnownFileType = sourcecode.swift; path = AnthropicService.swift; sourceTree = "<group>"; };
		1B5F3A812C2CD4F20067C09C /* ChatViewModel.swift */ = {isa = PBXFileReference; lastKnownFileType = sourcecode.swift; path = ChatViewModel.swift; sourceTree = "<group>"; };
		1B5F3A832C2CD50B0067C09C /* ChatView.swift */ = {isa = PBXFileReference; lastKnownFileType = sourcecode.swift; path = ChatView.swift; sourceTree = "<group>"; };
		1B5F3A8C2C2F76260067C09C /* Env.swift */ = {isa = PBXFileReference; lastKnownFileType = sourcecode.swift; path = Env.swift; sourceTree = "<group>"; };
		1B9BD2F42C250E970004500D /* Hank-iOS.app */ = {isa = PBXFileReference; explicitFileType = wrapper.application; includeInIndex = 0; path = "Hank-iOS.app"; sourceTree = BUILT_PRODUCTS_DIR; };
		1B9BD2F72C250E970004500D /* Hank_iOSApp.swift */ = {isa = PBXFileReference; lastKnownFileType = sourcecode.swift; path = Hank_iOSApp.swift; sourceTree = "<group>"; };
		1B9BD2FB2C250E990004500D /* Assets.xcassets */ = {isa = PBXFileReference; lastKnownFileType = folder.assetcatalog; path = Assets.xcassets; sourceTree = "<group>"; };
		1B9BD2FE2C250E990004500D /* Preview Assets.xcassets */ = {isa = PBXFileReference; lastKnownFileType = folder.assetcatalog; path = "Preview Assets.xcassets"; sourceTree = "<group>"; };
/* End PBXFileReference section */

/* Begin PBXFrameworksBuildPhase section */
		1B9BD2F12C250E970004500D /* Frameworks */ = {
			isa = PBXFrameworksBuildPhase;
			buildActionMask = 2147483647;
			files = (
			);
			runOnlyForDeploymentPostprocessing = 0;
		};
/* End PBXFrameworksBuildPhase section */

/* Begin PBXGroup section */
		1B9BD2EB2C250E970004500D = {
			isa = PBXGroup;
			children = (
				1B9BD2F62C250E970004500D /* Hank-iOS */,
				1B9BD2F52C250E970004500D /* Products */,
			);
			sourceTree = "<group>";
		};
		1B9BD2F52C250E970004500D /* Products */ = {
			isa = PBXGroup;
			children = (
				1B9BD2F42C250E970004500D /* Hank-iOS.app */,
			);
			name = Products;
			sourceTree = "<group>";
		};
		1B9BD2F62C250E970004500D /* Hank-iOS */ = {
			isa = PBXGroup;
			children = (
				1B5F3A8C2C2F76260067C09C /* Env.swift */,
				1B5F3A832C2CD50B0067C09C /* ChatView.swift */,
				1B5F3A812C2CD4F20067C09C /* ChatViewModel.swift */,
				1B5F3A7F2C2CD4D00067C09C /* AnthropicService.swift */,
				1B5F3A7D2C2CD4B30067C09C /* Models.swift */,
				1B5F3A772C28F60C0067C09C /* ChatBubbleShape.swift */,
				1B5F3A752C2758890067C09C /* TypingIndicatorView.swift */,
				1B9BD2F72C250E970004500D /* Hank_iOSApp.swift */,
				1B9BD2FB2C250E990004500D /* Assets.xcassets */,
				1B9BD2FD2C250E990004500D /* Preview Content */,
			);
			path = "Hank-iOS";
			sourceTree = "<group>";
		};
		1B9BD2FD2C250E990004500D /* Preview Content */ = {
			isa = PBXGroup;
			children = (
				1B9BD2FE2C250E990004500D /* Preview Assets.xcassets */,
			);
			path = "Preview Content";
			sourceTree = "<group>";
		};
/* End PBXGroup section */

/* Begin PBXNativeTarget section */
		1B9BD2F32C250E970004500D /* Hank-iOS */ = {
			isa = PBXNativeTarget;
			buildConfigurationList = 1B9BD3022C250E990004500D /* Build configuration list for PBXNativeTarget "Hank-iOS" */;
			buildPhases = (
				1B9BD2F02C250E970004500D /* Sources */,
				1B9BD2F12C250E970004500D /* Frameworks */,
				1B9BD2F22C250E970004500D /* Resources */,
			);
			buildRules = (
			);
			dependencies = (
			);
			name = "Hank-iOS";
			productName = "Hank-iOS";
			productReference = 1B9BD2F42C250E970004500D /* Hank-iOS.app */;
			productType = "com.apple.product-type.application";
		};
/* End PBXNativeTarget section */

/* Begin PBXProject section */
		1B9BD2EC2C250E970004500D /* Project object */ = {
			isa = PBXProject;
			attributes = {
				BuildIndependentTargetsInParallel = 1;
				LastSwiftUpdateCheck = 1600;
				LastUpgradeCheck = 1600;
				TargetAttributes = {
					1B9BD2F32C250E970004500D = {
						CreatedOnToolsVersion = 16.0;
					};
				};
			};
			buildConfigurationList = 1B9BD2EF2C250E970004500D /* Build configuration list for PBXProject "Hank-iOS" */;
			compatibilityVersion = "Xcode 15.0";
			developmentRegion = en;
			hasScannedForEncodings = 0;
			knownRegions = (
				en,
				Base,
			);
			mainGroup = 1B9BD2EB2C250E970004500D;
			productRefGroup = 1B9BD2F52C250E970004500D /* Products */;
			projectDirPath = "";
			projectRoot = "";
			targets = (
				1B9BD2F32C250E970004500D /* Hank-iOS */,
			);
		};
/* End PBXProject section */

/* Begin PBXResourcesBuildPhase section */
		1B9BD2F22C250E970004500D /* Resources */ = {
			isa = PBXResourcesBuildPhase;
			buildActionMask = 2147483647;
			files = (
				1B9BD2FF2C250E990004500D /* Preview Assets.xcassets in Resources */,
				1B9BD2FC2C250E990004500D /* Assets.xcassets in Resources */,
			);
			runOnlyForDeploymentPostprocessing = 0;
		};
/* End PBXResourcesBuildPhase section */

/* Begin PBXSourcesBuildPhase section */
		1B9BD2F02C250E970004500D /* Sources */ = {
			isa = PBXSourcesBuildPhase;
			buildActionMask = 2147483647;
			files = (
				1B5F3A842C2CD5110067C09C /* ChatView.swift in Sources */,
				1B5F3A7E2C2CD4B50067C09C /* Models.swift in Sources */,
				1B5F3A822C2CD4F60067C09C /* ChatViewModel.swift in Sources */,
				1B5F3A782C28F61B0067C09C /* ChatBubbleShape.swift in Sources */,
				1B5F3A802C2CD4D70067C09C /* AnthropicService.swift in Sources */,
				1B5F3A8D2C2F76260067C09C /* Env.swift in Sources */,
				1B9BD2F82C250E970004500D /* Hank_iOSApp.swift in Sources */,
				1B5F3A762C2758980067C09C /* TypingIndicatorView.swift in Sources */,
			);
			runOnlyForDeploymentPostprocessing = 0;
		};
/* End PBXSourcesBuildPhase section */

/* Begin XCBuildConfiguration section */
		1B9BD3002C250E990004500D /* Debug */ = {
			isa = XCBuildConfiguration;
			buildSettings = {
				ALWAYS_SEARCH_USER_PATHS = NO;
				ASSETCATALOG_COMPILER_GENERATE_SWIFT_ASSET_SYMBOL_EXTENSIONS = YES;
				CLANG_ANALYZER_NONNULL = YES;
				CLANG_ANALYZER_NUMBER_OBJECT_CONVERSION = YES_AGGRESSIVE;
				CLANG_CXX_LANGUAGE_STANDARD = "gnu++20";
				CLANG_ENABLE_MODULES = YES;
				CLANG_ENABLE_OBJC_ARC = YES;
				CLANG_ENABLE_OBJC_WEAK = YES;
				CLANG_WARN_BLOCK_CAPTURE_AUTORELEASING = YES;
				CLANG_WARN_BOOL_CONVERSION = YES;
				CLANG_WARN_COMMA = YES;
				CLANG_WARN_CONSTANT_CONVERSION = YES;
				CLANG_WARN_DEPRECATED_OBJC_IMPLEMENTATIONS = YES;
				CLANG_WARN_DIRECT_OBJC_ISA_USAGE = YES_ERROR;
				CLANG_WARN_DOCUMENTATION_COMMENTS = YES;
				CLANG_WARN_EMPTY_BODY = YES;
				CLANG_WARN_ENUM_CONVERSION = YES;
				CLANG_WARN_INFINITE_RECURSION = YES;
				CLANG_WARN_INT_CONVERSION = YES;
				CLANG_WARN_NON_LITERAL_NULL_CONVERSION = YES;
				CLANG_WARN_OBJC_IMPLICIT_RETAIN_SELF = YES;
				CLANG_WARN_OBJC_LITERAL_CONVERSION = YES;
				CLANG_WARN_OBJC_ROOT_CLASS = YES_ERROR;
				CLANG_WARN_QUOTED_INCLUDE_IN_FRAMEWORK_HEADER = YES;
				CLANG_WARN_RANGE_LOOP_ANALYSIS = YES;
				CLANG_WARN_STRICT_PROTOTYPES = YES;
				CLANG_WARN_SUSPICIOUS_MOVE = YES;
				CLANG_WARN_UNGUARDED_AVAILABILITY = YES_AGGRESSIVE;
				CLANG_WARN_UNREACHABLE_CODE = YES;
				CLANG_WARN__DUPLICATE_METHOD_MATCH = YES;
				COPY_PHASE_STRIP = NO;
				DEBUG_INFORMATION_FORMAT = dwarf;
				ENABLE_STRICT_OBJC_MSGSEND = YES;
				ENABLE_TESTABILITY = YES;
				ENABLE_USER_SCRIPT_SANDBOXING = YES;
				GCC_C_LANGUAGE_STANDARD = gnu17;
				GCC_DYNAMIC_NO_PIC = NO;
				GCC_NO_COMMON_BLOCKS = YES;
				GCC_OPTIMIZATION_LEVEL = 0;
				GCC_PREPROCESSOR_DEFINITIONS = (
					"DEBUG=1",
					"$(inherited)",
				);
				GCC_WARN_64_TO_32_BIT_CONVERSION = YES;
				GCC_WARN_ABOUT_RETURN_TYPE = YES_ERROR;
				GCC_WARN_UNDECLARED_SELECTOR = YES;
				GCC_WARN_UNINITIALIZED_AUTOS = YES_AGGRESSIVE;
				GCC_WARN_UNUSED_FUNCTION = YES;
				GCC_WARN_UNUSED_VARIABLE = YES;
				IPHONEOS_DEPLOYMENT_TARGET = 17.0;
				LOCALIZATION_PREFERS_STRING_CATALOGS = YES;
				MTL_ENABLE_DEBUG_INFO = INCLUDE_SOURCE;
				MTL_FAST_MATH = YES;
				ONLY_ACTIVE_ARCH = YES;
				SDKROOT = iphoneos;
				SWIFT_ACTIVE_COMPILATION_CONDITIONS = "DEBUG $(inherited)";
				SWIFT_OPTIMIZATION_LEVEL = "-Onone";
			};
			name = Debug;
		};
		1B9BD3012C250E990004500D /* Release */ = {
			isa = XCBuildConfiguration;
			buildSettings = {
				ALWAYS_SEARCH_USER_PATHS = NO;
				ASSETCATALOG_COMPILER_GENERATE_SWIFT_ASSET_SYMBOL_EXTENSIONS = YES;
				CLANG_ANALYZER_NONNULL = YES;
				CLANG_ANALYZER_NUMBER_OBJECT_CONVERSION = YES_AGGRESSIVE;
				CLANG_CXX_LANGUAGE_STANDARD = "gnu++20";
				CLANG_ENABLE_MODULES = YES;
				CLANG_ENABLE_OBJC_ARC = YES;
				CLANG_ENABLE_OBJC_WEAK = YES;
				CLANG_WARN_BLOCK_CAPTURE_AUTORELEASING = YES;
				CLANG_WARN_BOOL_CONVERSION = YES;
				CLANG_WARN_COMMA = YES;
				CLANG_WARN_CONSTANT_CONVERSION = YES;
				CLANG_WARN_DEPRECATED_OBJC_IMPLEMENTATIONS = YES;
				CLANG_WARN_DIRECT_OBJC_ISA_USAGE = YES_ERROR;
				CLANG_WARN_DOCUMENTATION_COMMENTS = YES;
				CLANG_WARN_EMPTY_BODY = YES;
				CLANG_WARN_ENUM_CONVERSION = YES;
				CLANG_WARN_INFINITE_RECURSION = YES;
				CLANG_WARN_INT_CONVERSION = YES;
				CLANG_WARN_NON_LITERAL_NULL_CONVERSION = YES;
				CLANG_WARN_OBJC_IMPLICIT_RETAIN_SELF = YES;
				CLANG_WARN_OBJC_LITERAL_CONVERSION = YES;
				CLANG_WARN_OBJC_ROOT_CLASS = YES_ERROR;
				CLANG_WARN_QUOTED_INCLUDE_IN_FRAMEWORK_HEADER = YES;
				CLANG_WARN_RANGE_LOOP_ANALYSIS = YES;
				CLANG_WARN_STRICT_PROTOTYPES = YES;
				CLANG_WARN_SUSPICIOUS_MOVE = YES;
				CLANG_WARN_UNGUARDED_AVAILABILITY = YES_AGGRESSIVE;
				CLANG_WARN_UNREACHABLE_CODE = YES;
				CLANG_WARN__DUPLICATE_METHOD_MATCH = YES;
				COPY_PHASE_STRIP = NO;
				DEBUG_INFORMATION_FORMAT = "dwarf-with-dsym";
				ENABLE_NS_ASSERTIONS = NO;
				ENABLE_STRICT_OBJC_MSGSEND = YES;
				ENABLE_USER_SCRIPT_SANDBOXING = YES;
				GCC_C_LANGUAGE_STANDARD = gnu17;
				GCC_NO_COMMON_BLOCKS = YES;
				GCC_WARN_64_TO_32_BIT_CONVERSION = YES;
				GCC_WARN_ABOUT_RETURN_TYPE = YES_ERROR;
				GCC_WARN_UNDECLARED_SELECTOR = YES;
				GCC_WARN_UNINITIALIZED_AUTOS = YES_AGGRESSIVE;
				GCC_WARN_UNUSED_FUNCTION = YES;
				GCC_WARN_UNUSED_VARIABLE = YES;
				IPHONEOS_DEPLOYMENT_TARGET = 17.0;
				LOCALIZATION_PREFERS_STRING_CATALOGS = YES;
				MTL_ENABLE_DEBUG_INFO = NO;
				MTL_FAST_MATH = YES;
				SDKROOT = iphoneos;
				SWIFT_COMPILATION_MODE = wholemodule;
				VALIDATE_PRODUCT = YES;
			};
			name = Release;
		};
		1B9BD3032C250E990004500D /* Debug */ = {
			isa = XCBuildConfiguration;
			buildSettings = {
				ASSETCATALOG_COMPILER_APPICON_NAME = AppIcon;
				ASSETCATALOG_COMPILER_GLOBAL_ACCENT_COLOR_NAME = AccentColor;
				CODE_SIGN_STYLE = Automatic;
				CURRENT_PROJECT_VERSION = 17;
				DEVELOPMENT_ASSET_PATHS = "\"Hank-iOS/Preview Content\"";
				DEVELOPMENT_TEAM = DUQ3J3AXWU;
				ENABLE_PREVIEWS = YES;
				GENERATE_INFOPLIST_FILE = YES;
				INFOPLIST_KEY_CFBundleDisplayName = Hank;
				INFOPLIST_KEY_UIApplicationSceneManifest_Generation = YES;
				INFOPLIST_KEY_UIApplicationSupportsIndirectInputEvents = YES;
				INFOPLIST_KEY_UILaunchScreen_Generation = YES;
				INFOPLIST_KEY_UISupportedInterfaceOrientations_iPad = "UIInterfaceOrientationPortrait UIInterfaceOrientationPortraitUpsideDown UIInterfaceOrientationLandscapeLeft UIInterfaceOrientationLandscapeRight";
				INFOPLIST_KEY_UISupportedInterfaceOrientations_iPhone = "UIInterfaceOrientationPortrait UIInterfaceOrientationLandscapeLeft UIInterfaceOrientationLandscapeRight";
				LD_RUNPATH_SEARCH_PATHS = (
					"$(inherited)",
					"@executable_path/Frameworks",
				);
				MARKETING_VERSION = 1.1;
				PRODUCT_BUNDLE_IDENTIFIER = "com.craigatallahfrost.Hank-iOS";
				PRODUCT_NAME = "$(TARGET_NAME)";
				SWIFT_EMIT_LOC_STRINGS = YES;
				SWIFT_VERSION = 5.0;
				TARGETED_DEVICE_FAMILY = "1,2";
			};
			name = Debug;
		};
		1B9BD3042C250E990004500D /* Release */ = {
			isa = XCBuildConfiguration;
			buildSettings = {
				ASSETCATALOG_COMPILER_APPICON_NAME = AppIcon;
				ASSETCATALOG_COMPILER_GLOBAL_ACCENT_COLOR_NAME = AccentColor;
				CODE_SIGN_STYLE = Automatic;
				CURRENT_PROJECT_VERSION = 17;
				DEVELOPMENT_ASSET_PATHS = "\"Hank-iOS/Preview Content\"";
				DEVELOPMENT_TEAM = DUQ3J3AXWU;
				ENABLE_PREVIEWS = YES;
				GENERATE_INFOPLIST_FILE = YES;
				INFOPLIST_KEY_CFBundleDisplayName = Hank;
				INFOPLIST_KEY_UIApplicationSceneManifest_Generation = YES;
				INFOPLIST_KEY_UIApplicationSupportsIndirectInputEvents = YES;
				INFOPLIST_KEY_UILaunchScreen_Generation = YES;
				INFOPLIST_KEY_UISupportedInterfaceOrientations_iPad = "UIInterfaceOrientationPortrait UIInterfaceOrientationPortraitUpsideDown UIInterfaceOrientationLandscapeLeft UIInterfaceOrientationLandscapeRight";
				INFOPLIST_KEY_UISupportedInterfaceOrientations_iPhone = "UIInterfaceOrientationPortrait UIInterfaceOrientationLandscapeLeft UIInterfaceOrientationLandscapeRight";
				LD_RUNPATH_SEARCH_PATHS = (
					"$(inherited)",
					"@executable_path/Frameworks",
				);
				MARKETING_VERSION = 1.1;
				PRODUCT_BUNDLE_IDENTIFIER = "com.craigatallahfrost.Hank-iOS";
				PRODUCT_NAME = "$(TARGET_NAME)";
				SWIFT_EMIT_LOC_STRINGS = YES;
				SWIFT_VERSION = 5.0;
				TARGETED_DEVICE_FAMILY = "1,2";
			};
			name = Release;
		};
/* End XCBuildConfiguration section */

/* Begin XCConfigurationList section */
		1B9BD2EF2C250E970004500D /* Build configuration list for PBXProject "Hank-iOS" */ = {
			isa = XCConfigurationList;
			buildConfigurations = (
				1B9BD3002C250E990004500D /* Debug */,
				1B9BD3012C250E990004500D /* Release */,
			);
			defaultConfigurationIsVisible = 0;
			defaultConfigurationName = Release;
		};
		1B9BD3022C250E990004500D /* Build configuration list for PBXNativeTarget "Hank-iOS" */ = {
			isa = XCConfigurationList;
			buildConfigurations = (
				1B9BD3032C250E990004500D /* Debug */,
				1B9BD3042C250E990004500D /* Release */,
			);
			defaultConfigurationIsVisible = 0;
			defaultConfigurationName = Release;
		};
/* End XCConfigurationList section */
	};
	rootObject = 1B9BD2EC2C250E970004500D /* Project object */;
}
